
Microsoft Visual Studio Solution File, Format Version 12.00
# Visual Studio 2012
Project("{8BC9CEB8-8B4A-11D0-8D11-00A0C91BC942}") = "GraphDrawing", "GraphDrawing.vcxproj", "{577A9FC1-DFF9-44C5-A479-B5BDE3FF01E2}"
	ProjectSection(ProjectDependencies) = postProject
		{AEDD8A5B-DFA6-4995-9E9E-EB381C34CEAF} = {AEDD8A5B-DFA6-4995-9E9E-EB381C34CEAF}
		{7801D1BE-E2FE-476B-A4B4-5D27F387F479} = {7801D1BE-E2FE-476B-A4B4-5D27F387F479}
	EndProjectSection
EndProject
Project("{8BC9CEB8-8B4A-11D0-8D11-00A0C91BC942}") = "ogdf", "OGDF\ogdf.vcxproj", "{7801D1BE-E2FE-476B-A4B4-5D27F387F479}"
EndProject
Project("{8BC9CEB8-8B4A-11D0-8D11-00A0C91BC942}") = "liblpsolve55", "lp_solve_5.5\lpsolve55\lib.vcxproj", "{AEDD8A5B-DFA6-4995-9E9E-EB381C34CEAF}"
EndProject
Project("{8BC9CEB8-8B4A-11D0-8D11-00A0C91BC942}") = "UnitTests", "UnitTests\UnitTests.vcxproj", "{960C1F14-E353-4BA2-97D8-FC159BA02394}"
	ProjectSection(ProjectDependencies) = postProject
		{577A9FC1-DFF9-44C5-A479-B5BDE3FF01E2} = {577A9FC1-DFF9-44C5-A479-B5BDE3FF01E2}
	EndProjectSection
EndProject
Project("{8BC9CEB8-8B4A-11D0-8D11-00A0C91BC942}") = "TestApp", "TestApp\TestApp.vcxproj", "{DA24A007-232B-4AF9-A7B5-37C280A94403}"
	ProjectSection(ProjectDependencies) = postProject
		{577A9FC1-DFF9-44C5-A479-B5BDE3FF01E2} = {577A9FC1-DFF9-44C5-A479-B5BDE3FF01E2}
	EndProjectSection
EndProject
Project("{8BC9CEB8-8B4A-11D0-8D11-00A0C91BC942}") = "TestUI", "TestUI\TestUI.vcxproj", "{B12702AD-ABFB-343A-A199-8E24837244A3}"
	ProjectSection(ProjectDependencies) = postProject
		{577A9FC1-DFF9-44C5-A479-B5BDE3FF01E2} = {577A9FC1-DFF9-44C5-A479-B5BDE3FF01E2}
	EndProjectSection
EndProject
Global
	GlobalSection(SolutionConfigurationPlatforms) = preSolution
		Debug Fortify|Win32 = Debug Fortify|Win32
		Debug Fortify|x64 = Debug Fortify|x64
		Debug|Win32 = Debug|Win32
		Debug|x64 = Debug|x64
		Debug2|Win32 = Debug2|Win32
		Debug2|x64 = Debug2|x64
		oops|Win32 = oops|Win32
		oops|x64 = oops|x64
		Release|Win32 = Release|Win32
		Release|x64 = Release|x64
	EndGlobalSection
	GlobalSection(ProjectConfigurationPlatforms) = postSolution
		{577A9FC1-DFF9-44C5-A479-B5BDE3FF01E2}.Debug Fortify|Win32.ActiveCfg = Debug|Win32
		{577A9FC1-DFF9-44C5-A479-B5BDE3FF01E2}.Debug Fortify|Win32.Build.0 = Debug|Win32
		{577A9FC1-DFF9-44C5-A479-B5BDE3FF01E2}.Debug Fortify|x64.ActiveCfg = Debug|Win32
		{577A9FC1-DFF9-44C5-A479-B5BDE3FF01E2}.Debug|Win32.ActiveCfg = Debug|Win32
		{577A9FC1-DFF9-44C5-A479-B5BDE3FF01E2}.Debug|Win32.Build.0 = Debug|Win32
		{577A9FC1-DFF9-44C5-A479-B5BDE3FF01E2}.Debug|x64.ActiveCfg = Debug|Win32
		{577A9FC1-DFF9-44C5-A479-B5BDE3FF01E2}.Debug2|Win32.ActiveCfg = Debug|Win32
		{577A9FC1-DFF9-44C5-A479-B5BDE3FF01E2}.Debug2|Win32.Build.0 = Debug|Win32
		{577A9FC1-DFF9-44C5-A479-B5BDE3FF01E2}.Debug2|x64.ActiveCfg = Debug|Win32
		{577A9FC1-DFF9-44C5-A479-B5BDE3FF01E2}.oops|Win32.ActiveCfg = Release|Win32
		{577A9FC1-DFF9-44C5-A479-B5BDE3FF01E2}.oops|Win32.Build.0 = Release|Win32
		{577A9FC1-DFF9-44C5-A479-B5BDE3FF01E2}.oops|x64.ActiveCfg = Release|Win32
		{577A9FC1-DFF9-44C5-A479-B5BDE3FF01E2}.Release|Win32.ActiveCfg = Release|Win32
		{577A9FC1-DFF9-44C5-A479-B5BDE3FF01E2}.Release|Win32.Build.0 = Release|Win32
		{577A9FC1-DFF9-44C5-A479-B5BDE3FF01E2}.Release|x64.ActiveCfg = Release|Win32
		{7801D1BE-E2FE-476B-A4B4-5D27F387F479}.Debug Fortify|Win32.ActiveCfg = Debug|Win32
		{7801D1BE-E2FE-476B-A4B4-5D27F387F479}.Debug Fortify|Win32.Build.0 = Debug|Win32
		{7801D1BE-E2FE-476B-A4B4-5D27F387F479}.Debug Fortify|x64.ActiveCfg = Debug|x64
		{7801D1BE-E2FE-476B-A4B4-5D27F387F479}.Debug Fortify|x64.Build.0 = Debug|x64
		{7801D1BE-E2FE-476B-A4B4-5D27F387F479}.Debug|Win32.ActiveCfg = Debug|Win32
		{7801D1BE-E2FE-476B-A4B4-5D27F387F479}.Debug|Win32.Build.0 = Debug|Win32
		{7801D1BE-E2FE-476B-A4B4-5D27F387F479}.Debug|x64.ActiveCfg = Debug|x64
		{7801D1BE-E2FE-476B-A4B4-5D27F387F479}.Debug|x64.Build.0 = Debug|x64
		{7801D1BE-E2FE-476B-A4B4-5D27F387F479}.Debug2|Win32.ActiveCfg = Debug|Win32
		{7801D1BE-E2FE-476B-A4B4-5D27F387F479}.Debug2|Win32.Build.0 = Debug|Win32
		{7801D1BE-E2FE-476B-A4B4-5D27F387F479}.Debug2|x64.ActiveCfg = Debug|x64
		{7801D1BE-E2FE-476B-A4B4-5D27F387F479}.Debug2|x64.Build.0 = Debug|x64
		{7801D1BE-E2FE-476B-A4B4-5D27F387F479}.oops|Win32.ActiveCfg = Release|Win32
		{7801D1BE-E2FE-476B-A4B4-5D27F387F479}.oops|Win32.Build.0 = Release|Win32
		{7801D1BE-E2FE-476B-A4B4-5D27F387F479}.oops|x64.ActiveCfg = Release|x64
		{7801D1BE-E2FE-476B-A4B4-5D27F387F479}.oops|x64.Build.0 = Release|x64
		{7801D1BE-E2FE-476B-A4B4-5D27F387F479}.Release|Win32.ActiveCfg = Release|Win32
		{7801D1BE-E2FE-476B-A4B4-5D27F387F479}.Release|Win32.Build.0 = Release|Win32
		{7801D1BE-E2FE-476B-A4B4-5D27F387F479}.Release|x64.ActiveCfg = Release|x64
		{7801D1BE-E2FE-476B-A4B4-5D27F387F479}.Release|x64.Build.0 = Release|x64
		{AEDD8A5B-DFA6-4995-9E9E-EB381C34CEAF}.Debug Fortify|Win32.ActiveCfg = Debug fortify|Win32
		{AEDD8A5B-DFA6-4995-9E9E-EB381C34CEAF}.Debug Fortify|Win32.Build.0 = Debug fortify|Win32
		{AEDD8A5B-DFA6-4995-9E9E-EB381C34CEAF}.Debug Fortify|x64.ActiveCfg = Debug fortify|x64
		{AEDD8A5B-DFA6-4995-9E9E-EB381C34CEAF}.Debug Fortify|x64.Build.0 = Debug fortify|x64
		{AEDD8A5B-DFA6-4995-9E9E-EB381C34CEAF}.Debug|Win32.ActiveCfg = Debug|Win32
		{AEDD8A5B-DFA6-4995-9E9E-EB381C34CEAF}.Debug|Win32.Build.0 = Debug|Win32
		{AEDD8A5B-DFA6-4995-9E9E-EB381C34CEAF}.Debug|x64.ActiveCfg = Debug|x64
		{AEDD8A5B-DFA6-4995-9E9E-EB381C34CEAF}.Debug|x64.Build.0 = Debug|x64
		{AEDD8A5B-DFA6-4995-9E9E-EB381C34CEAF}.Debug2|Win32.ActiveCfg = Debug|Win32
		{AEDD8A5B-DFA6-4995-9E9E-EB381C34CEAF}.Debug2|Win32.Build.0 = Debug|Win32
		{AEDD8A5B-DFA6-4995-9E9E-EB381C34CEAF}.Debug2|x64.ActiveCfg = Debug|x64
		{AEDD8A5B-DFA6-4995-9E9E-EB381C34CEAF}.Debug2|x64.Build.0 = Debug|x64
		{AEDD8A5B-DFA6-4995-9E9E-EB381C34CEAF}.oops|Win32.ActiveCfg = Release|Win32
		{AEDD8A5B-DFA6-4995-9E9E-EB381C34CEAF}.oops|Win32.Build.0 = Release|Win32
		{AEDD8A5B-DFA6-4995-9E9E-EB381C34CEAF}.oops|x64.ActiveCfg = Release|x64
		{AEDD8A5B-DFA6-4995-9E9E-EB381C34CEAF}.oops|x64.Build.0 = Release|x64
		{AEDD8A5B-DFA6-4995-9E9E-EB381C34CEAF}.Release|Win32.ActiveCfg = Release|Win32
		{AEDD8A5B-DFA6-4995-9E9E-EB381C34CEAF}.Release|Win32.Build.0 = Release|Win32
		{AEDD8A5B-DFA6-4995-9E9E-EB381C34CEAF}.Release|x64.ActiveCfg = Release|x64
		{AEDD8A5B-DFA6-4995-9E9E-EB381C34CEAF}.Release|x64.Build.0 = Release|x64
		{960C1F14-E353-4BA2-97D8-FC159BA02394}.Debug Fortify|Win32.ActiveCfg = Debug|Win32
		{960C1F14-E353-4BA2-97D8-FC159BA02394}.Debug Fortify|Win32.Build.0 = Debug|Win32
		{960C1F14-E353-4BA2-97D8-FC159BA02394}.Debug Fortify|x64.ActiveCfg = Debug|Win32
		{960C1F14-E353-4BA2-97D8-FC159BA02394}.Debug|Win32.ActiveCfg = Debug|Win32
		{960C1F14-E353-4BA2-97D8-FC159BA02394}.Debug|Win32.Build.0 = Debug|Win32
		{960C1F14-E353-4BA2-97D8-FC159BA02394}.Debug|x64.ActiveCfg = Debug|Win32
		{960C1F14-E353-4BA2-97D8-FC159BA02394}.Debug2|Win32.ActiveCfg = Debug|Win32
		{960C1F14-E353-4BA2-97D8-FC159BA02394}.Debug2|Win32.Build.0 = Debug|Win32
		{960C1F14-E353-4BA2-97D8-FC159BA02394}.Debug2|x64.ActiveCfg = Debug|Win32
		{960C1F14-E353-4BA2-97D8-FC159BA02394}.oops|Win32.ActiveCfg = Release|Win32
		{960C1F14-E353-4BA2-97D8-FC159BA02394}.oops|Win32.Build.0 = Release|Win32
		{960C1F14-E353-4BA2-97D8-FC159BA02394}.oops|x64.ActiveCfg = Release|Win32
		{960C1F14-E353-4BA2-97D8-FC159BA02394}.Release|Win32.ActiveCfg = Release|Win32
		{960C1F14-E353-4BA2-97D8-FC159BA02394}.Release|Win32.Build.0 = Release|Win32
		{960C1F14-E353-4BA2-97D8-FC159BA02394}.Release|x64.ActiveCfg = Release|Win32
		{DA24A007-232B-4AF9-A7B5-37C280A94403}.Debug Fortify|Win32.ActiveCfg = Debug|Win32
		{DA24A007-232B-4AF9-A7B5-37C280A94403}.Debug Fortify|Win32.Build.0 = Debug|Win32
		{DA24A007-232B-4AF9-A7B5-37C280A94403}.Debug Fortify|x64.ActiveCfg = Debug|Win32
		{DA24A007-232B-4AF9-A7B5-37C280A94403}.Debug|Win32.ActiveCfg = Debug|Win32
		{DA24A007-232B-4AF9-A7B5-37C280A94403}.Debug|Win32.Build.0 = Debug|Win32
		{DA24A007-232B-4AF9-A7B5-37C280A94403}.Debug|x64.ActiveCfg = Debug|Win32
		{DA24A007-232B-4AF9-A7B5-37C280A94403}.Debug2|Win32.ActiveCfg = Debug|Win32
		{DA24A007-232B-4AF9-A7B5-37C280A94403}.Debug2|Win32.Build.0 = Debug|Win32
		{DA24A007-232B-4AF9-A7B5-37C280A94403}.Debug2|x64.ActiveCfg = Debug|Win32
		{DA24A007-232B-4AF9-A7B5-37C280A94403}.oops|Win32.ActiveCfg = Release|Win32
		{DA24A007-232B-4AF9-A7B5-37C280A94403}.oops|Win32.Build.0 = Release|Win32
		{DA24A007-232B-4AF9-A7B5-37C280A94403}.oops|x64.ActiveCfg = Release|Win32
		{DA24A007-232B-4AF9-A7B5-37C280A94403}.Release|Win32.ActiveCfg = Release|Win32
		{DA24A007-232B-4AF9-A7B5-37C280A94403}.Release|Win32.Build.0 = Release|Win32
		{DA24A007-232B-4AF9-A7B5-37C280A94403}.Release|x64.ActiveCfg = Release|Win32
		{B12702AD-ABFB-343A-A199-8E24837244A3}.Debug Fortify|Win32.ActiveCfg = Debug|Win32
		{B12702AD-ABFB-343A-A199-8E24837244A3}.Debug Fortify|Win32.Build.0 = Debug|Win32
		{B12702AD-ABFB-343A-A199-8E24837244A3}.Debug Fortify|x64.ActiveCfg = Debug|Win32
		{B12702AD-ABFB-343A-A199-8E24837244A3}.Debug|Win32.ActiveCfg = Debug|Win32
		{B12702AD-ABFB-343A-A199-8E24837244A3}.Debug|Win32.Build.0 = Debug|Win32
		{B12702AD-ABFB-343A-A199-8E24837244A3}.Debug|x64.ActiveCfg = Debug|Win32
		{B12702AD-ABFB-343A-A199-8E24837244A3}.Debug2|Win32.ActiveCfg = Debug|Win32
		{B12702AD-ABFB-343A-A199-8E24837244A3}.Debug2|Win32.Build.0 = Debug|Win32
		{B12702AD-ABFB-343A-A199-8E24837244A3}.Debug2|x64.ActiveCfg = Debug|Win32
		{B12702AD-ABFB-343A-A199-8E24837244A3}.oops|Win32.ActiveCfg = Release|Win32
		{B12702AD-ABFB-343A-A199-8E24837244A3}.oops|Win32.Build.0 = Release|Win32
		{B12702AD-ABFB-343A-A199-8E24837244A3}.oops|x64.ActiveCfg = Release|Win32
		{B12702AD-ABFB-343A-A199-8E24837244A3}.Release|Win32.ActiveCfg = Release|Win32
		{B12702AD-ABFB-343A-A199-8E24837244A3}.Release|Win32.Build.0 = Release|Win32
		{B12702AD-ABFB-343A-A199-8E24837244A3}.Release|x64.ActiveCfg = Release|Win32
	EndGlobalSection
	GlobalSection(SolutionProperties) = preSolution
		HideSolutionNode = FALSE
	EndGlobalSection
EndGlobal
